
Microsoft Visual Studio Solution File, Format Version 12.00
# Visual Studio Version 16
VisualStudioVersion = 16.0.31019.35
MinimumVisualStudioVersion = 10.0.40219.1
Project("{FAE04EC0-301F-11D3-BF4B-00C04F79EFBC}") = "WebApplication1", "WebApplication1\WebApplication1.csproj", "{7DBEE947-1A44-407C-ABA0-042FED067D5C}"
EndProject
Global
	GlobalSection(SolutionConfigurationPlatforms) = preSolution
		Debug|Any CPU = Debug|Any CPU
		Release|Any CPU = Release|Any CPU
	EndGlobalSection
	GlobalSection(ProjectConfigurationPlatforms) = postSolution
		{7DBEE947-1A44-407C-ABA0-042FED067D5C}.Debug|Any CPU.ActiveCfg = Debug|Any CPU
		{7DBEE947-1A44-407C-ABA0-042FED067D5C}.Debug|Any CPU.Build.0 = Debug|Any CPU
		{7DBEE947-1A44-407C-ABA0-042FED067D5C}.Release|Any CPU.ActiveCfg = Release|Any CPU
		{7DBEE947-1A44-407C-ABA0-042FED067D5C}.Release|Any CPU.Build.0 = Release|Any CPU
	EndGlobalSection
	GlobalSection(SolutionProperties) = preSolution
		HideSolutionNode = FALSE
	EndGlobalSection
	GlobalSection(ExtensibilityGlobals) = postSolution
		SolutionGuid = {CDE81027-A148-4E9A-B789-F21A408C4B13}
	EndGlobalSection
EndGlobal
